
Microsoft Visual Studio Solution File, Format Version 12.00
# Visual Studio Version 16
VisualStudioVersion = 16.0.32228.343
MinimumVisualStudioVersion = 10.0.40219.1
Project("{FAE04EC0-301F-11D3-BF4B-00C04F79EFBC}") = "Nokia3310Converter", "Nokia3310Converter\Nokia3310Converter.csproj", "{A79BBFBF-8B69-42D1-960C-BE33D8DD0023}"
EndProject
Global
	GlobalSection(SolutionConfigurationPlatforms) = preSolution
		Debug|Any CPU = Debug|Any CPU
		Release|Any CPU = Release|Any CPU
	EndGlobalSection
	GlobalSection(ProjectConfigurationPlatforms) = postSolution
		{A79BBFBF-8B69-42D1-960C-BE33D8DD0023}.Debug|Any CPU.ActiveCfg = Debug|Any CPU
		{A79BBFBF-8B69-42D1-960C-BE33D8DD0023}.Debug|Any CPU.Build.0 = Debug|Any CPU
		{A79BBFBF-8B69-42D1-960C-BE33D8DD0023}.Release|Any CPU.ActiveCfg = Release|Any CPU
		{A79BBFBF-8B69-42D1-960C-BE33D8DD0023}.Release|Any CPU.Build.0 = Release|Any CPU
	EndGlobalSection
	GlobalSection(SolutionProperties) = preSolution
		HideSolutionNode = FALSE
	EndGlobalSection
	GlobalSection(ExtensibilityGlobals) = postSolution
		SolutionGuid = {B053CDEB-F64A-44FC-8ABC-B24E28F047C0}
	EndGlobalSection
EndGlobal
